
Microsoft Visual Studio Solution File, Format Version 12.00
# Visual Studio Version 16
VisualStudioVersion = 16.0.29613.14
MinimumVisualStudioVersion = 10.0.40219.1
Project("{FAE04EC0-301F-11D3-BF4B-00C04F79EFBC}") = "BulkEmailMarketing", "BulkEmailMarketing.csproj", "{CF77E7BF-7C34-4A2F-83CA-9D97E13EAFC4}"
EndProject
Global
	GlobalSection(SolutionConfigurationPlatforms) = preSolution
		Debug|Any CPU = Debug|Any CPU
		Release|Any CPU = Release|Any CPU
	EndGlobalSection
	GlobalSection(ProjectConfigurationPlatforms) = postSolution
		{CF77E7BF-7C34-4A2F-83CA-9D97E13EAFC4}.Debug|Any CPU.ActiveCfg = Debug|Any CPU
		{CF77E7BF-7C34-4A2F-83CA-9D97E13EAFC4}.Debug|Any CPU.Build.0 = Debug|Any CPU
		{CF77E7BF-7C34-4A2F-83CA-9D97E13EAFC4}.Release|Any CPU.ActiveCfg = Release|Any CPU
		{CF77E7BF-7C34-4A2F-83CA-9D97E13EAFC4}.Release|Any CPU.Build.0 = Release|Any CPU
	EndGlobalSection
	GlobalSection(SolutionProperties) = preSolution
		HideSolutionNode = FALSE
	EndGlobalSection
	GlobalSection(ExtensibilityGlobals) = postSolution
		SolutionGuid = {CB3D6503-F5C0-4FE7-8377-81CB463BA619}
	EndGlobalSection
EndGlobal
